<?xml version="1.0" encoding="UTF-8" standalone="yes" ?>
<CodeBlocks_project_file>
	<FileVersion major="1" minor="6" />
	<Project>
		<Option title="3D House" />
		<Option pch_mode="2" />
		<Option compiler="gcc" />
		<Build>
			<Target title="Debug">
				<Option output="bin/Debug/3D House" prefix_auto="1" extension_auto="1" />
				<Option working_dir="E:/CodeBlocks/MinGW/bin" />
				<Option object_output="obj/Debug/" />
				<Option type="1" />
				<Option compiler="gcc" />
				<Compiler>
					<Add option="-g" />
				</Compiler>
			</Target>
			<Target title="Release">
				<Option output="bin/Release/3D House" prefix_auto="1" extension_auto="1" />
				<Option working_dir="E:/CodeBlocks/MinGW/bin" />
				<Option object_output="obj/Release/" />
				<Option type="0" />
				<Option compiler="gcc" />
				<Compiler>
					<Add option="-O2" />
				</Compiler>
				<Linker>
					<Add option="-s" />
				</Linker>
			</Target>
		</Build>
		<Compiler>
			<Add option="-Wall" />
			<Add directory="E:/CodeBlocks/MinGW/include" />
		</Compiler>
		<Linker>
			<Add library="glut32" />
			<Add library="opengl32" />
			<Add library="glu32" />
			<Add library="winmm" />
			<Add library="gdi32" />
			<Add directory="E:/CodeBlocks/MinGW/lib" />
		</Linker>
		<Unit filename="3D House.cbp" />
		<Unit filename="3D House.depend" />
		<Unit filename="3D House.layout" />
		<Unit filename="bricks.bmp" />
		<Unit filename="door.bmp" />
		<Unit filename="grass.bmp" />
		<Unit filename="imageloader.cpp" />
		<Unit filename="imageloader.h" />
		<Unit filename="main.cpp" />
		<Unit filename="roof.bmp" />
		<Unit filename="sky.bmp" />
		<Unit filename="window.bmp" />
		<Extensions>
			<code_completion />
			<envvars />
			<debugger />
		</Extensions>
	</Project>
</CodeBlocks_project_file>
